
Microsoft Visual Studio Solution File, Format Version 12.00
# Visual Studio Version 17
VisualStudioVersion = 17.7.34221.43
MinimumVisualStudioVersion = 10.0.40219.1
Project("{FAE04EC0-301F-11D3-BF4B-00C04F79EFBC}") = "asp04", "asp04\asp04.csproj", "{2A6C2830-AD70-4925-A8AC-D4A8F0295827}"
EndProject
Global
	GlobalSection(SolutionConfigurationPlatforms) = preSolution
		Debug|Any CPU = Debug|Any CPU
		Release|Any CPU = Release|Any CPU
	EndGlobalSection
	GlobalSection(ProjectConfigurationPlatforms) = postSolution
		{2A6C2830-AD70-4925-A8AC-D4A8F0295827}.Debug|Any CPU.ActiveCfg = Debug|Any CPU
		{2A6C2830-AD70-4925-A8AC-D4A8F0295827}.Debug|Any CPU.Build.0 = Debug|Any CPU
		{2A6C2830-AD70-4925-A8AC-D4A8F0295827}.Release|Any CPU.ActiveCfg = Release|Any CPU
		{2A6C2830-AD70-4925-A8AC-D4A8F0295827}.Release|Any CPU.Build.0 = Release|Any CPU
	EndGlobalSection
	GlobalSection(SolutionProperties) = preSolution
		HideSolutionNode = FALSE
	EndGlobalSection
	GlobalSection(ExtensibilityGlobals) = postSolution
		SolutionGuid = {9338B95C-A387-4016-993E-E5D6BA7B2C54}
	EndGlobalSection
EndGlobal
